<Solution>
  <Project Path="AramaKurtarma.API/AramaKurtarma.API.csproj" />
  <Project Path="AramaKurtarma.Business/AramaKurtarma.Business.csproj" />
  <Project Path="AramaKurtarma.DataAccess/AramaKurtarma.DataAccess.csproj" />
  <Project Path="AramaKurtarma.Entities/AramaKurtarma.Entities.csproj" />
</Solution>
